{
  "name": "major-project",
  "lockfileVersion": 3,
  "requires": true,
  "packages": {
    "": {
      "dependencies": {
        "groq-sdk": "^1.1.2",
        "nodemailer": "^8.0.6",
        "pdfjs-dist": "^5.6.205"
      }
    },
    "node_modules/@napi-rs/canvas": {
      "version": "0.1.99",
      "resolved": "https://registry.npmjs.org/@napi-rs/canvas/-/canvas-0.1.99.tgz",
      "integrity": "sha512-zN4eQlK3eBf7aJBcTHZilpBH3tDekBzPMIWC8r0s94Ecl73XfOyFi4w7yKFMRVUT0lvNQjtOL8YSrwqQj6mZFg==",
      "license": "MIT",
      "optional": true,
      "workspaces": [
        "e2e/*"
      ],
      "engines": {
        "node": ">= 10"
      },
      "funding": {
        "type": "github",
        "url": "https://github.com/sponsors/Brooooooklyn"
      },
      "optionalDependencies": {
        "@napi-rs/canvas-android-arm64": "0.1.99",
        "@napi-rs/canvas-darwin-arm64": "0.1.99",
        "@napi-rs/canvas-darwin-x64": "0.1.99",
        "@napi-rs/canvas-linux-arm-gnueabihf": "0.1.99",
        "@napi-rs/canvas-linux-arm64-gnu": "0.1.99",
        "@napi-rs/canvas-linux-arm64-musl": "0.1.99",
        "@napi-rs/canvas-linux-riscv64-gnu": "0.1.99",
        "@napi-rs/canvas-linux-x64-gnu": "0.1.99",
        "@napi-rs/canvas-linux-x64-musl": "0.1.99",
        "@napi-rs/canvas-win32-arm64-msvc": "0.1.99",
        "@napi-rs/canvas-win32-x64-msvc": "0.1.99"
      }
    },
    "node_modules/@napi-rs/canvas-android-arm64": {
      "version": "0.1.99",
      "resolved": "https://registry.npmjs.org/@napi-rs/canvas-android-arm64/-/canvas-android-arm64-0.1.99.tgz",
      "integrity": "sha512-9OCRt8VVxA17m32NWZKyNC2qamdaS/SC5CEOIQwFngRq0DIeVm4PDal+6Ljnhqm2whZiC63DNuKZ4xSp2nbj9w==",
      "cpu": [
        "arm64"
      ],
      "license": "MIT",
      "optional": true,
      "os": [
        "android"
      ],
      "engines": {
        "node": ">= 10"
      },
      "funding": {
        "type": "github",
        "url": "https://github.com/sponsors/Brooooooklyn"
      }
    },
    "node_modules/@napi-rs/canvas-darwin-arm64": {
      "version": "0.1.99",
      "resolved": "https://registry.npmjs.org/@napi-rs/canvas-darwin-arm64/-/canvas-darwin-arm64-0.1.99.tgz",
      "integrity": "sha512-lupMDMy1+H38dhyCcLirOKKVUyzzlxi7j7rGPLI3vViMHOoPjcXO1b10ivy+ad+q6MiwHfoLjKTCoLke5ySOBg==",
      "cpu": [
        "arm64"
      ],
      "license": "MIT",
      "optional": true,
      "os": [
        "darwin"
      ],
      "engines": {
        "node": ">= 10"
      },
      "funding": {
        "type": "github",
        "url": "https://github.com/sponsors/Brooooooklyn"
      }
    },
    "node_modules/@napi-rs/canvas-darwin-x64": {
      "version": "0.1.99",
      "resolved": "https://registry.npmjs.org/@napi-rs/canvas-darwin-x64/-/canvas-darwin-x64-0.1.99.tgz",
      "integrity": "sha512-fdz02t4w8n6Ii/rYhWig6STb/zcTmCC/6YZTGmjoDeidDwn9Wf0ukQVynhCPEs29vqUc66wHZKsuIgMs9tycCg==",
      "cpu": [
        "x64"
      ],
      "license": "MIT",
      "optional": true,
      "os": [
        "darwin"
      ],
      "engines": {
        "node": ">= 10"
      },
      "funding": {
        "type": "github",
        "url": "https://github.com/sponsors/Brooooooklyn"
      }
    },
    "node_modules/@napi-rs/canvas-linux-arm-gnueabihf": {
      "version": "0.1.99",
      "resolved": "https://registry.npmjs.org/@napi-rs/canvas-linux-arm-gnueabihf/-/canvas-linux-arm-gnueabihf-0.1.99.tgz",
      "integrity": "sha512-w4FwVwlNo00ezeRhfY62IVIyt6G3u8wodkPtiqWc52BUHx+VDBUM2vkS3ogfANaLI7hnf3s6WK4LyZVUjBg1lA==",
      "cpu": [
        "arm"
      ],
      "license": "MIT",
      "optional": true,
      "os": [
        "linux"
      ],
      "engines": {
        "node": ">= 10"
      },
      "funding": {
        "type": "github",
        "url": "https://github.com/sponsors/Brooooooklyn"
      }
    },
    "node_modules/@napi-rs/canvas-linux-arm64-gnu": {
      "version": "0.1.99",
      "resolved": "https://registry.npmjs.org/@napi-rs/canvas-linux-arm64-gnu/-/canvas-linux-arm64-gnu-0.1.99.tgz",
      "integrity": "sha512-8JvHeexKQ8c7g0q7YJ29NVQwnf1ePghP9ys9ZN0R0qzyqJQ9Uw6N9qnDINArlm3IYHexB7LjzArIfhQiqSDGvQ==",
      "cpu": [
        "arm64"
      ],
      "license": "MIT",
      "optional": true,
      "os": [
        "linux"
      ],
      "engines": {
        "node": ">= 10"
      },
      "funding": {
        "type": "github",
        "url": "https://github.com/sponsors/Brooooooklyn"
      }
    },
    "node_modules/@napi-rs/canvas-linux-arm64-musl": {
      "version": "0.1.99",
      "resolved": "https://registry.npmjs.org/@napi-rs/canvas-linux-arm64-musl/-/canvas-linux-arm64-musl-0.1.99.tgz",
      "integrity": "sha512-Z+6nyLdJXWzLPVxi4H6g9TJop4DwN3KSgHWto5JCbZV5/uKoVqcSynPs0tGlUHOoWI8S8tEvJspz51GQkvr07w==",
      "cpu": [
        "arm64"
      ],
      "license": "MIT",
      "optional": true,
      "os": [
        "linux"
      ],
      "engines": {
        "node": ">= 10"
      },
      "funding": {
        "type": "github",
        "url": "https://github.com/sponsors/Brooooooklyn"
      }
    },
    "node_modules/@napi-rs/canvas-linux-riscv64-gnu": {
      "version": "0.1.99",
      "resolved": "https://registry.npmjs.org/@napi-rs/canvas-linux-riscv64-gnu/-/canvas-linux-riscv64-gnu-0.1.99.tgz",
      "integrity": "sha512-jAnfOUv4IO1l8Levk5t85oVtEBOXLa07KnIUgWo1CDlPxiqpxS3uBfiE38Lvj/CQgHaNF6Nxk/SaemwLgsVJgw==",
      "cpu": [
        "riscv64"
      ],
      "license": "MIT",
      "optional": true,
      "os": [
        "linux"
      ],
      "engines": {
        "node": ">= 10"
      },
      "funding": {
        "type": "github",
        "url": "https://github.com/sponsors/Brooooooklyn"
      }
    },
    "node_modules/@napi-rs/canvas-linux-x64-gnu": {
      "version": "0.1.99",
      "resolved": "https://registry.npmjs.org/@napi-rs/canvas-linux-x64-gnu/-/canvas-linux-x64-gnu-0.1.99.tgz",
      "integrity": "sha512-mIkXw3fGmbYyFjSmfWEvty4jN+rwEOmv0+Dy9bRvvTzLYWCgm3RMgUEQVfAKFw96nIRFnyNZiK83KNQaVVFjng==",
      "cpu": [
        "x64"
      ],
      "license": "MIT",
      "optional": true,
      "os": [
        "linux"
      ],
      "engines": {
        "node": ">= 10"
      },
      "funding": {
        "type": "github",
        "url": "https://github.com/sponsors/Brooooooklyn"
      }
    },
    "node_modules/@napi-rs/canvas-linux-x64-musl": {
      "version": "0.1.99",
      "resolved": "https://registry.npmjs.org/@napi-rs/canvas-linux-x64-musl/-/canvas-linux-x64-musl-0.1.99.tgz",
      "integrity": "sha512-f3Uz2P0RgrtBHISxZqr6yiYXJlTDyCVBumDacxo+4AmSg7z0HiqYZKGWC/gszq3fbPhyQUya1W2AEteKxT9Y6A==",
      "cpu": [
        "x64"
      ],
      "license": "MIT",
      "optional": true,
      "os": [
        "linux"
      ],
      "engines": {
        "node": ">= 10"
      },
      "funding": {
        "type": "github",
        "url": "https://github.com/sponsors/Brooooooklyn"
      }
    },
    "node_modules/@napi-rs/canvas-win32-arm64-msvc": {
      "version": "0.1.99",
      "resolved": "https://registry.npmjs.org/@napi-rs/canvas-win32-arm64-msvc/-/canvas-win32-arm64-msvc-0.1.99.tgz",
      "integrity": "sha512-XE6KUkfqRsCNejcoRMiMr3RaUeObxNf6y7dut3hrq2rn7PzfRTZgrjF1F/B2C7FcdgqY/vSHWpQeMuNz1vTNHg==",
      "cpu": [
        "arm64"
      ],
      "license": "MIT",
      "optional": true,
      "os": [
        "win32"
      ],
      "engines": {
        "node": ">= 10"
      },
      "funding": {
        "type": "github",
        "url": "https://github.com/sponsors/Brooooooklyn"
      }
    },
    "node_modules/@napi-rs/canvas-win32-x64-msvc": {
      "version": "0.1.99",
      "resolved": "https://registry.npmjs.org/@napi-rs/canvas-win32-x64-msvc/-/canvas-win32-x64-msvc-0.1.99.tgz",
      "integrity": "sha512-plMYGVbc/vmmPF9MtmHbwNk1rL1Aj53vQZt+Gnv1oZn6gmd9jEHHJ0n9Nd2nxa5sKH7TS5IjkCDM6289O0d6PQ==",
      "cpu": [
        "x64"
      ],
      "license": "MIT",
      "optional": true,
      "os": [
        "win32"
      ],
      "engines": {
        "node": ">= 10"
      },
      "funding": {
        "type": "github",
        "url": "https://github.com/sponsors/Brooooooklyn"
      }
    },
    "node_modules/groq-sdk": {
      "version": "1.1.2",
      "resolved": "https://registry.npmjs.org/groq-sdk/-/groq-sdk-1.1.2.tgz",
      "integrity": "sha512-CZO0XUQQDhn43ri1+lZHxZKpb+bGutgTvFmCJtooexiitGmPqhm1hntOT3nCoaq07e+OpeokVnfUs0i/oQuUaQ==",
      "license": "Apache-2.0",
      "bin": {
        "groq-sdk": "bin/cli"
      }
    },
    "node_modules/node-readable-to-web-readable-stream": {
      "version": "0.4.2",
      "resolved": "https://registry.npmjs.org/node-readable-to-web-readable-stream/-/node-readable-to-web-readable-stream-0.4.2.tgz",
      "integrity": "sha512-/cMZNI34v//jUTrI+UIo4ieHAB5EZRY/+7OmXZgBxaWBMcW2tGdceIw06RFxWxrKZ5Jp3sI2i5TsRo+CBhtVLQ==",
      "license": "MIT",
      "optional": true
    },
    "node_modules/nodemailer": {
      "version": "8.0.6",
      "resolved": "https://registry.npmjs.org/nodemailer/-/nodemailer-8.0.6.tgz",
      "integrity": "sha512-Nm2XeuDwwy2wi5A+8jPWwQwNzcjNjhWdE3pVLoXEusxJqCnAPAgnBGkSmiLknbnWuOF9qraRpYZjfxqtKZ4tPw==",
      "license": "MIT-0",
      "engines": {
        "node": ">=6.0.0"
      }
    },
    "node_modules/pdfjs-dist": {
      "version": "5.6.205",
      "resolved": "https://registry.npmjs.org/pdfjs-dist/-/pdfjs-dist-5.6.205.tgz",
      "integrity": "sha512-tlUj+2IDa7G1SbvBNN74UHRLJybZDWYom+k6p5KIZl7huBvsA4APi6mKL+zCxd3tLjN5hOOEE9Tv7VdzO88pfg==",
      "license": "Apache-2.0",
      "engines": {
        "node": ">=20.19.0 || >=22.13.0 || >=24"
      },
      "optionalDependencies": {
        "@napi-rs/canvas": "^0.1.96",
        "node-readable-to-web-readable-stream": "^0.4.2"
      }
    }
  }
}
